
Microsoft Visual Studio Solution File, Format Version 12.00
# Visual Studio 15
VisualStudioVersion = 15.0.28306.52
MinimumVisualStudioVersion = 10.0.40219.1
Project("{FAE04EC0-301F-11D3-BF4B-00C04F79EFBC}") = "StoreParser", "StoreParser\StoreParser.csproj", "{C5C1ED24-3728-419E-B05D-551218AC27BE}"
EndProject
Global
	GlobalSection(SolutionConfigurationPlatforms) = preSolution
		Debug|Any CPU = Debug|Any CPU
		Release|Any CPU = Release|Any CPU
	EndGlobalSection
	GlobalSection(ProjectConfigurationPlatforms) = postSolution
		{C5C1ED24-3728-419E-B05D-551218AC27BE}.Debug|Any CPU.ActiveCfg = Debug|Any CPU
		{C5C1ED24-3728-419E-B05D-551218AC27BE}.Debug|Any CPU.Build.0 = Debug|Any CPU
		{C5C1ED24-3728-419E-B05D-551218AC27BE}.Release|Any CPU.ActiveCfg = Release|Any CPU
		{C5C1ED24-3728-419E-B05D-551218AC27BE}.Release|Any CPU.Build.0 = Release|Any CPU
	EndGlobalSection
	GlobalSection(SolutionProperties) = preSolution
		HideSolutionNode = FALSE
	EndGlobalSection
	GlobalSection(ExtensibilityGlobals) = postSolution
		SolutionGuid = {4454A3B6-75F5-4901-BF22-B155E02954DA}
	EndGlobalSection
EndGlobal
